<?xml version="1.0" encoding="utf-8"?>
<Project ToolsVersion="17.0" xmlns="http://schemas.microsoft.com/developer/msbuild/2003">
  <ItemGroup>
    <CustomBuild Include="D:\Backup\VisualStudio\GLFW3\build\x64\CMakeFiles\efcaa37799edf20d1a5d0e88157a53ad\INSTALL_force.rule">
      <Filter>CMake Rules</Filter>
    </CustomBuild>
  </ItemGroup>
  <ItemGroup>
    <Filter Include="CMake Rules">
      <UniqueIdentifier>{79EDC946-BC1B-3743-8A35-33A0E1482EA2}</UniqueIdentifier>
    </Filter>
  </ItemGroup>
</Project>
