<?xml version="1.0" encoding="utf-8"?>
<Project ToolsVersion="17.0" xmlns="http://schemas.microsoft.com/developer/msbuild/2003">
  <ItemGroup>
    <CustomBuild Include="D:\Backup\VisualStudio\GLFW3\build\x64\CMakeFiles\a5d628a7a7e683559b9c97dda882707d\uninstall.rule">
      <Filter>CMake Rules</Filter>
    </CustomBuild>
    <CustomBuild Include="D:\Backup\VisualStudio\GLFW3\glfw\CMakeLists.txt" />
  </ItemGroup>
  <ItemGroup>
    <None Include="D:\Backup\VisualStudio\GLFW3\build\x64\CMakeFiles\uninstall" />
  </ItemGroup>
  <ItemGroup>
    <Filter Include="CMake Rules">
      <UniqueIdentifier>{79EDC946-BC1B-3743-8A35-33A0E1482EA2}</UniqueIdentifier>
    </Filter>
  </ItemGroup>
</Project>
