
Microsoft Visual Studio Solution File, Format Version 12.00
# Visual Studio Version 16
VisualStudioVersion = 16.0.30611.23
MinimumVisualStudioVersion = 10.0.40219.1
Project("{8BC9CEB8-8B4A-11D0-8D11-00A0C91BC942}") = "ProjectUnknown", "ProjectUnknown\ProjectUnknown.vcxproj", "{497A2588-E2DA-44F3-8F83-06A9A1BB3408}"
EndProject
Project("{8BC9CEB8-8B4A-11D0-8D11-00A0C91BC942}") = "Engone", "Engone\Engone.vcxproj", "{DCE4A99C-5733-4F0A-A6DA-33D4B1644827}"
EndProject
Global
	GlobalSection(SolutionConfigurationPlatforms) = preSolution
		Debug|x64 = Debug|x64
		Debug|x86 = Debug|x86
		Release|x64 = Release|x64
		Release|x86 = Release|x86
	EndGlobalSection
	GlobalSection(ProjectConfigurationPlatforms) = postSolution
		{497A2588-E2DA-44F3-8F83-06A9A1BB3408}.Debug|x64.ActiveCfg = Debug|x64
		{497A2588-E2DA-44F3-8F83-06A9A1BB3408}.Debug|x64.Build.0 = Debug|x64
		{497A2588-E2DA-44F3-8F83-06A9A1BB3408}.Debug|x86.ActiveCfg = Debug|Win32
		{497A2588-E2DA-44F3-8F83-06A9A1BB3408}.Debug|x86.Build.0 = Debug|Win32
		{497A2588-E2DA-44F3-8F83-06A9A1BB3408}.Release|x64.ActiveCfg = Release|x64
		{497A2588-E2DA-44F3-8F83-06A9A1BB3408}.Release|x64.Build.0 = Release|x64
		{497A2588-E2DA-44F3-8F83-06A9A1BB3408}.Release|x86.ActiveCfg = Release|Win32
		{497A2588-E2DA-44F3-8F83-06A9A1BB3408}.Release|x86.Build.0 = Release|Win32
		{DCE4A99C-5733-4F0A-A6DA-33D4B1644827}.Debug|x64.ActiveCfg = Debug|x64
		{DCE4A99C-5733-4F0A-A6DA-33D4B1644827}.Debug|x64.Build.0 = Debug|x64
		{DCE4A99C-5733-4F0A-A6DA-33D4B1644827}.Debug|x86.ActiveCfg = Debug|Win32
		{DCE4A99C-5733-4F0A-A6DA-33D4B1644827}.Debug|x86.Build.0 = Debug|Win32
		{DCE4A99C-5733-4F0A-A6DA-33D4B1644827}.Release|x64.ActiveCfg = Release|x64
		{DCE4A99C-5733-4F0A-A6DA-33D4B1644827}.Release|x64.Build.0 = Release|x64
		{DCE4A99C-5733-4F0A-A6DA-33D4B1644827}.Release|x86.ActiveCfg = Release|Win32
		{DCE4A99C-5733-4F0A-A6DA-33D4B1644827}.Release|x86.Build.0 = Release|Win32
	EndGlobalSection
	GlobalSection(SolutionProperties) = preSolution
		HideSolutionNode = FALSE
	EndGlobalSection
	GlobalSection(ExtensibilityGlobals) = postSolution
		SolutionGuid = {CDB5FA65-2DFB-4954-8709-DEEEE0DE8AF1}
	EndGlobalSection
EndGlobal
