<?xml version="1.0" encoding="utf-8"?>
<Project ToolsVersion="4.0" xmlns="http://schemas.microsoft.com/developer/msbuild/2003">
  <ItemGroup>
    <Filter Include="include">
      <UniqueIdentifier>{89AF369E-F58E-B539-FEA6-40106A051C9B}</UniqueIdentifier>
    </Filter>
    <Filter Include="include\ProUnk">
      <UniqueIdentifier>{D7D4111A-C3A2-0520-AC36-764698A3E184}</UniqueIdentifier>
    </Filter>
    <Filter Include="include\ProUnk\Combat">
      <UniqueIdentifier>{9CF9D5B2-0866-91AD-D159-290B3D85B315}</UniqueIdentifier>
    </Filter>
    <Filter Include="include\ProUnk\Effects">
      <UniqueIdentifier>{863B0E92-7235-37E4-5BA2-CDF4473B9D50}</UniqueIdentifier>
    </Filter>
    <Filter Include="include\ProUnk\Magic">
      <UniqueIdentifier>{47A394F6-3332-1EC0-DC50-32BBC8BE2E66}</UniqueIdentifier>
    </Filter>
    <Filter Include="include\ProUnk\Network">
      <UniqueIdentifier>{509E8C45-3C98-B597-2505-4CA8119E1B04}</UniqueIdentifier>
    </Filter>
    <Filter Include="include\ProUnk\Objects">
      <UniqueIdentifier>{905AC88A-7C54-F1DC-65C1-87ED515A5749}</UniqueIdentifier>
    </Filter>
    <Filter Include="include\ProUnk\Registries">
      <UniqueIdentifier>{27557D25-9317-B1AF-DCC7-3F3C48C9898D}</UniqueIdentifier>
    </Filter>
    <Filter Include="include\ProUnk\Shaders">
      <UniqueIdentifier>{B0E00CCC-9CDA-351E-8547-CC2E71E09B8A}</UniqueIdentifier>
    </Filter>
    <Filter Include="include\ProUnk\Tests">
      <UniqueIdentifier>{D9B415F7-C543-9FC0-6E62-B3BB5AD0AF66}</UniqueIdentifier>
    </Filter>
    <Filter Include="include\ProUnk\UI">
      <UniqueIdentifier>{A40C28A1-1023-2637-599A-B158C5EFF6BE}</UniqueIdentifier>
    </Filter>
    <Filter Include="include\ProUnk\World">
      <UniqueIdentifier>{CE7451F7-BA03-DBC0-6322-EFBB4F90EB66}</UniqueIdentifier>
    </Filter>
    <Filter Include="src">
      <UniqueIdentifier>{2DAB880B-99B4-887C-2230-9F7C8E38947C}</UniqueIdentifier>
    </Filter>
    <Filter Include="src\ProUnk">
      <UniqueIdentifier>{FBCF2728-E787-6975-508F-42D13C660466}</UniqueIdentifier>
    </Filter>
    <Filter Include="src\ProUnk\Combat">
      <UniqueIdentifier>{4084453C-AC9A-43D2-F511-CFF36167145A}</UniqueIdentifier>
    </Filter>
    <Filter Include="src\ProUnk\Effects">
      <UniqueIdentifier>{AA1A6F49-96FE-2F9F-FF5E-2AF2EB611A21}</UniqueIdentifier>
    </Filter>
    <Filter Include="src\ProUnk\Network">
      <UniqueIdentifier>{747DEDFC-6061-AE52-C9C1-A8A5B5C498D4}</UniqueIdentifier>
    </Filter>
    <Filter Include="src\ProUnk\Objects">
      <UniqueIdentifier>{B4392942-A01D-EA97-097E-E4EAF580D419}</UniqueIdentifier>
    </Filter>
    <Filter Include="src\ProUnk\Other">
      <UniqueIdentifier>{6C095AAD-5802-79FF-8134-5E846D8C580B}</UniqueIdentifier>
    </Filter>
    <Filter Include="src\ProUnk\Registries">
      <UniqueIdentifier>{CB91399B-37FE-F495-00F2-8CF36C1D17FE}</UniqueIdentifier>
    </Filter>
    <Filter Include="src\ProUnk\Test">
      <UniqueIdentifier>{4A516281-B6DC-CF45-BFED-523A2BF82B46}</UniqueIdentifier>
    </Filter>
    <Filter Include="src\ProUnk\UI">
      <UniqueIdentifier>{48E5D3FC-B4A5-4F33-7DE0-98B0E95F940F}</UniqueIdentifier>
    </Filter>
    <Filter Include="src\ProUnk\World">
      <UniqueIdentifier>{F23AE8AD-DE33-0700-0766-EC84F3BDE60B}</UniqueIdentifier>
    </Filter>
  </ItemGroup>
  <ItemGroup>
    <ClInclude Include="include\ProUnk\Combat\Combat.h">
      <Filter>include\ProUnk\Combat</Filter>
    </ClInclude>
    <ClInclude Include="include\ProUnk\Combat\CombatData.h">
      <Filter>include\ProUnk\Combat</Filter>
    </ClInclude>
    <ClInclude Include="include\ProUnk\Combat\Skills.h">
      <Filter>include\ProUnk\Combat</Filter>
    </ClInclude>
    <ClInclude Include="include\ProUnk\Combat\Tags.h">
      <Filter>include\ProUnk\Combat</Filter>
    </ClInclude>
    <ClInclude Include="include\ProUnk\Effects\VisualEffects.h">
      <Filter>include\ProUnk\Effects</Filter>
    </ClInclude>
    <ClInclude Include="include\ProUnk\GameApp.h">
      <Filter>include\ProUnk</Filter>
    </ClInclude>
    <ClInclude Include="include\ProUnk\Keybindings.h">
      <Filter>include\ProUnk</Filter>
    </ClInclude>
    <ClInclude Include="include\ProUnk\Magic\Focals.h">
      <Filter>include\ProUnk\Magic</Filter>
    </ClInclude>
    <ClInclude Include="include\ProUnk\Magic\Magic.h">
      <Filter>include\ProUnk\Magic</Filter>
    </ClInclude>
    <ClInclude Include="include\ProUnk\Network\NetProtocols.h">
      <Filter>include\ProUnk\Network</Filter>
    </ClInclude>
    <ClInclude Include="include\ProUnk\Objects\BasicObjects.h">
      <Filter>include\ProUnk\Objects</Filter>
    </ClInclude>
    <ClInclude Include="include\ProUnk\Objects\Dummy.h">
      <Filter>include\ProUnk\Objects</Filter>
    </ClInclude>
    <ClInclude Include="include\ProUnk\Objects\Sword.h">
      <Filter>include\ProUnk\Objects</Filter>
    </ClInclude>
    <ClInclude Include="include\ProUnk\Objects\Terrain.h">
      <Filter>include\ProUnk\Objects</Filter>
    </ClInclude>
    <ClInclude Include="include\ProUnk\PlayerController.h">
      <Filter>include\ProUnk</Filter>
    </ClInclude>
    <ClInclude Include="include\ProUnk\Registries\ComplexDataRegistry.h">
      <Filter>include\ProUnk\Registries</Filter>
    </ClInclude>
    <ClInclude Include="include\ProUnk\Registries\InventoryRegistry.h">
      <Filter>include\ProUnk\Registries</Filter>
    </ClInclude>
    <ClInclude Include="include\ProUnk\Registries\ItemTypeRegistry.h">
      <Filter>include\ProUnk\Registries</Filter>
    </ClInclude>
    <ClInclude Include="include\ProUnk\Registries\MasterRegistry.h">
      <Filter>include\ProUnk\Registries</Filter>
    </ClInclude>
    <ClInclude Include="include\ProUnk\Registries\ModelRegistry.h">
      <Filter>include\ProUnk\Registries</Filter>
    </ClInclude>
    <ClInclude Include="include\ProUnk\Registries\ObjectInfoRegistry.h">
      <Filter>include\ProUnk\Registries</Filter>
    </ClInclude>
    <ClInclude Include="include\ProUnk\Registries\RecipeRegistry.h">
      <Filter>include\ProUnk\Registries</Filter>
    </ClInclude>
    <ClInclude Include="include\ProUnk\Registries\WorldRegistry.h">
      <Filter>include\ProUnk\Registries</Filter>
    </ClInclude>
    <ClInclude Include="include\ProUnk\Shaders\Shaders.h">
      <Filter>include\ProUnk\Shaders</Filter>
    </ClInclude>
    <ClInclude Include="include\ProUnk\Tests\AllTests.h">
      <Filter>include\ProUnk\Tests</Filter>
    </ClInclude>
    <ClInclude Include="include\ProUnk\UI\CheatPanel.h">
      <Filter>include\ProUnk\UI</Filter>
    </ClInclude>
    <ClInclude Include="include\ProUnk\UI\CraftingPanel.h">
      <Filter>include\ProUnk\UI</Filter>
    </ClInclude>
    <ClInclude Include="include\ProUnk\UI\InvUtility.h">
      <Filter>include\ProUnk\UI</Filter>
    </ClInclude>
    <ClInclude Include="include\ProUnk\UI\InventoryPanel.h">
      <Filter>include\ProUnk\UI</Filter>
    </ClInclude>
    <ClInclude Include="include\ProUnk\UI\MasterInventoryPanel.h">
      <Filter>include\ProUnk\UI</Filter>
    </ClInclude>
    <ClInclude Include="include\ProUnk\UI\PanelHandler.h">
      <Filter>include\ProUnk\UI</Filter>
    </ClInclude>
    <ClInclude Include="include\ProUnk\UI\PlayerBarPanel.h">
      <Filter>include\ProUnk\UI</Filter>
    </ClInclude>
    <ClInclude Include="include\ProUnk\UI\PlayerInformation.h">
      <Filter>include\ProUnk\UI</Filter>
    </ClInclude>
    <ClInclude Include="include\ProUnk\UI\SessionPanel.h">
      <Filter>include\ProUnk\UI</Filter>
    </ClInclude>
    <ClInclude Include="include\ProUnk\UI\UIMenus.h">
      <Filter>include\ProUnk\UI</Filter>
    </ClInclude>
    <ClInclude Include="include\ProUnk\World\Dimension.h">
      <Filter>include\ProUnk\World</Filter>
    </ClInclude>
    <ClInclude Include="include\ProUnk\World\Dungeon.h">
      <Filter>include\ProUnk\World</Filter>
    </ClInclude>
    <ClInclude Include="include\ProUnk\World\Session.h">
      <Filter>include\ProUnk\World</Filter>
    </ClInclude>
    <ClInclude Include="include\ProUnk\pch.h">
      <Filter>include\ProUnk</Filter>
    </ClInclude>
  </ItemGroup>
  <ItemGroup>
    <ClCompile Include="src\ProUnk\Combat\Combat.cpp">
      <Filter>src\ProUnk\Combat</Filter>
    </ClCompile>
    <ClCompile Include="src\ProUnk\Combat\CombatData.cpp">
      <Filter>src\ProUnk\Combat</Filter>
    </ClCompile>
    <ClCompile Include="src\ProUnk\Combat\Skills.cpp">
      <Filter>src\ProUnk\Combat</Filter>
    </ClCompile>
    <ClCompile Include="src\ProUnk\Effects\VisualEffect.cpp">
      <Filter>src\ProUnk\Effects</Filter>
    </ClCompile>
    <ClCompile Include="src\ProUnk\GameApp.cpp">
      <Filter>src\ProUnk</Filter>
    </ClCompile>
    <ClCompile Include="src\ProUnk\Keybindings.cpp">
      <Filter>src\ProUnk</Filter>
    </ClCompile>
    <ClCompile Include="src\ProUnk\Magic.cpp">
      <Filter>src\ProUnk</Filter>
    </ClCompile>
    <ClCompile Include="src\ProUnk\Network\NetProtocols.cpp">
      <Filter>src\ProUnk\Network</Filter>
    </ClCompile>
    <ClCompile Include="src\ProUnk\Objects\BasicObjects.cpp">
      <Filter>src\ProUnk\Objects</Filter>
    </ClCompile>
    <ClCompile Include="src\ProUnk\Objects\Tags.cpp">
      <Filter>src\ProUnk\Objects</Filter>
    </ClCompile>
    <ClCompile Include="src\ProUnk\Other\GameStatistics.cpp">
      <Filter>src\ProUnk\Other</Filter>
    </ClCompile>
    <ClCompile Include="src\ProUnk\Other\InformativeTips.cpp">
      <Filter>src\ProUnk\Other</Filter>
    </ClCompile>
    <ClCompile Include="src\ProUnk\PlayerController.cpp">
      <Filter>src\ProUnk</Filter>
    </ClCompile>
    <ClCompile Include="src\ProUnk\Registries\ComplexDataRegistry.cpp">
      <Filter>src\ProUnk\Registries</Filter>
    </ClCompile>
    <ClCompile Include="src\ProUnk\Registries\InventoryRegistry.cpp">
      <Filter>src\ProUnk\Registries</Filter>
    </ClCompile>
    <ClCompile Include="src\ProUnk\Registries\ItemTypeRegistry.cpp">
      <Filter>src\ProUnk\Registries</Filter>
    </ClCompile>
    <ClCompile Include="src\ProUnk\Registries\MasterRegistry.cpp">
      <Filter>src\ProUnk\Registries</Filter>
    </ClCompile>
    <ClCompile Include="src\ProUnk\Registries\ModelRegistry.cpp">
      <Filter>src\ProUnk\Registries</Filter>
    </ClCompile>
    <ClCompile Include="src\ProUnk\Registries\ObjectInfoRegistry.cpp">
      <Filter>src\ProUnk\Registries</Filter>
    </ClCompile>
    <ClCompile Include="src\ProUnk\Registries\RecipeRegistry.cpp">
      <Filter>src\ProUnk\Registries</Filter>
    </ClCompile>
    <ClCompile Include="src\ProUnk\Shaders.cpp">
      <Filter>src\ProUnk</Filter>
    </ClCompile>
    <ClCompile Include="src\ProUnk\Test\DataHandlerTest.cpp">
      <Filter>src\ProUnk\Test</Filter>
    </ClCompile>
    <ClCompile Include="src\ProUnk\UI\CheatPanel.cpp">
      <Filter>src\ProUnk\UI</Filter>
    </ClCompile>
    <ClCompile Include="src\ProUnk\UI\CraftingPanel.cpp">
      <Filter>src\ProUnk\UI</Filter>
    </ClCompile>
    <ClCompile Include="src\ProUnk\UI\DebugInfo.cpp">
      <Filter>src\ProUnk\UI</Filter>
    </ClCompile>
    <ClCompile Include="src\ProUnk\UI\IntroScene.cpp">
      <Filter>src\ProUnk\UI</Filter>
    </ClCompile>
    <ClCompile Include="src\ProUnk\UI\InvUtility.cpp">
      <Filter>src\ProUnk\UI</Filter>
    </ClCompile>
    <ClCompile Include="src\ProUnk\UI\InventoryPanel.cpp">
      <Filter>src\ProUnk\UI</Filter>
    </ClCompile>
    <ClCompile Include="src\ProUnk\UI\MasterInventoryPanel.cpp">
      <Filter>src\ProUnk\UI</Filter>
    </ClCompile>
    <ClCompile Include="src\ProUnk\UI\PanelHandler.cpp">
      <Filter>src\ProUnk\UI</Filter>
    </ClCompile>
    <ClCompile Include="src\ProUnk\UI\PlayerBarPanel.cpp">
      <Filter>src\ProUnk\UI</Filter>
    </ClCompile>
    <ClCompile Include="src\ProUnk\UI\SessionPanel.cpp">
      <Filter>src\ProUnk\UI</Filter>
    </ClCompile>
    <ClCompile Include="src\ProUnk\UI\UITest.cpp">
      <Filter>src\ProUnk\UI</Filter>
    </ClCompile>
    <ClCompile Include="src\ProUnk\World\Dimension.cpp">
      <Filter>src\ProUnk\World</Filter>
    </ClCompile>
    <ClCompile Include="src\ProUnk\World\Dungeon.cpp">
      <Filter>src\ProUnk\World</Filter>
    </ClCompile>
    <ClCompile Include="src\ProUnk\World\Session.cpp">
      <Filter>src\ProUnk\World</Filter>
    </ClCompile>
    <ClCompile Include="src\ProUnk\main.cpp">
      <Filter>src\ProUnk</Filter>
    </ClCompile>
    <ClCompile Include="src\ProUnk\pch.cpp">
      <Filter>src\ProUnk</Filter>
    </ClCompile>
  </ItemGroup>
</Project>