<?xml version="1.0" encoding="utf-8"?>
<Project ToolsVersion="17.0" xmlns="http://schemas.microsoft.com/developer/msbuild/2003">
  <ItemGroup>
    <CustomBuild Include="D:\Backup\VisualStudio\GLFW3\build\x86\CMakeFiles\b131442dce350a47b5f29351533699ce\INSTALL_force.rule">
      <Filter>CMake Rules</Filter>
    </CustomBuild>
  </ItemGroup>
  <ItemGroup>
    <Filter Include="CMake Rules">
      <UniqueIdentifier>{1D8BB8F0-5A3E-3485-B705-4D76F20412BF}</UniqueIdentifier>
    </Filter>
  </ItemGroup>
</Project>
