<?xml version="1.0" encoding="utf-8"?>
<Project ToolsVersion="17.0" xmlns="http://schemas.microsoft.com/developer/msbuild/2003">
  <ItemGroup>
    <ClCompile Include="D:\Backup\VisualStudio\GLFW3\glfw\tests\msaa.c">
      <Filter>Source Files</Filter>
    </ClCompile>
    <ClCompile Include="D:\Backup\VisualStudio\GLFW3\glfw\deps\getopt.c">
      <Filter>Source Files</Filter>
    </ClCompile>
  </ItemGroup>
  <ItemGroup>
    <ClInclude Include="D:\Backup\VisualStudio\GLFW3\glfw\deps\getopt.h">
      <Filter>Header Files</Filter>
    </ClInclude>
    <ClInclude Include="D:\Backup\VisualStudio\GLFW3\glfw\deps\glad\gl.h">
      <Filter>Header Files</Filter>
    </ClInclude>
  </ItemGroup>
  <ItemGroup>
    <CustomBuild Include="D:\Backup\VisualStudio\GLFW3\glfw\tests\CMakeLists.txt" />
  </ItemGroup>
  <ItemGroup>
    <Filter Include="Header Files">
      <UniqueIdentifier>{DDD6D75B-A74A-3990-8673-A78153AAF47E}</UniqueIdentifier>
    </Filter>
    <Filter Include="Source Files">
      <UniqueIdentifier>{930584D9-24B4-3464-8FF4-400628AF01C6}</UniqueIdentifier>
    </Filter>
  </ItemGroup>
</Project>
