<?xml version="1.0" encoding="utf-8"?>
<Project ToolsVersion="4.0" xmlns="http://schemas.microsoft.com/developer/msbuild/2003">
  <ItemGroup>
    <Filter Include="Source Files">
      <UniqueIdentifier>{4FC737F1-C7A5-4376-A066-2A32D752A2FF}</UniqueIdentifier>
      <Extensions>cpp;c;cc;cxx;c++;cppm;ixx;def;odl;idl;hpj;bat;asm;asmx</Extensions>
    </Filter>
    <Filter Include="Header Files">
      <UniqueIdentifier>{93995380-89BD-4b04-88EB-625FBE52EBFB}</UniqueIdentifier>
      <Extensions>h;hh;hpp;hxx;h++;hm;inl;inc;ipp;xsd</Extensions>
    </Filter>
    <Filter Include="Resource Files">
      <UniqueIdentifier>{67DA6AB6-F800-4c08-8B7A-83BB121AAD01}</UniqueIdentifier>
      <Extensions>rc;ico;cur;bmp;dlg;rc2;rct;bin;rgs;gif;jpg;jpeg;jpe;resx;tiff;tif;png;wav;mfcribbon-ms</Extensions>
    </Filter>
  </ItemGroup>
  <ItemGroup>
    <ClCompile Include="src\Core\RefsManager.cpp">
      <Filter>Source Files</Filter>
    </ClCompile>
    <ClCompile Include="src\Core\Gamecore.cpp">
      <Filter>Source Files</Filter>
    </ClCompile>
    <ClCompile Include="src\Core\Interface.cpp">
      <Filter>Source Files</Filter>
    </ClCompile>
    <ClCompile Include="src\Gui\Text.cpp">
      <Filter>Source Files</Filter>
    </ClCompile>
    <ClCompile Include="src\Gui\IElem.cpp">
      <Filter>Source Files</Filter>
    </ClCompile>
    <ClCompile Include="src\Gui\Font.cpp">
      <Filter>Source Files</Filter>
    </ClCompile>
    <ClCompile Include="src\Objects\ClientPlayer.cpp">
      <Filter>Source Files</Filter>
    </ClCompile>
    <ClCompile Include="src\Objects\Cube.cpp">
      <Filter>Source Files</Filter>
    </ClCompile>
    <ClCompile Include="src\Objects\GameObject.cpp">
      <Filter>Source Files</Filter>
    </ClCompile>
    <ClCompile Include="src\Objects\MagicStaff.cpp">
      <Filter>Source Files</Filter>
    </ClCompile>
    <ClCompile Include="src\Objects\NetPlayer.cpp">
      <Filter>Source Files</Filter>
    </ClCompile>
    <ClCompile Include="src\Rendering\BufferContainer.cpp">
      <Filter>Source Files</Filter>
    </ClCompile>
    <ClCompile Include="src\Rendering\Camera.cpp">
      <Filter>Source Files</Filter>
    </ClCompile>
    <ClCompile Include="src\Rendering\Light.cpp">
      <Filter>Source Files</Filter>
    </ClCompile>
    <ClCompile Include="src\Rendering\Renderer.cpp">
      <Filter>Source Files</Filter>
    </ClCompile>
    <ClCompile Include="src\Rendering\Shader.cpp">
      <Filter>Source Files</Filter>
    </ClCompile>
    <ClCompile Include="src\Rendering\Texture.cpp">
      <Filter>Source Files</Filter>
    </ClCompile>
    <ClCompile Include="src\Utility\Debugger.cpp">
      <Filter>Source Files</Filter>
    </ClCompile>
    <ClCompile Include="src\Utility\ExtraFunc.cpp">
      <Filter>Source Files</Filter>
    </ClCompile>
    <ClCompile Include="src\Utility\FileHandler.cpp">
      <Filter>Source Files</Filter>
    </ClCompile>
    <ClCompile Include="src\Utility\GameOptions.cpp">
      <Filter>Source Files</Filter>
    </ClCompile>
    <ClCompile Include="src\Utility\Keyboard.cpp">
      <Filter>Source Files</Filter>
    </ClCompile>
    <ClCompile Include="src\Utility\Languages.cpp">
      <Filter>Source Files</Filter>
    </ClCompile>
    <ClCompile Include="src\World\Dimension.cpp">
      <Filter>Source Files</Filter>
    </ClCompile>
    <ClCompile Include="src\Components\Animation.cpp">
      <Filter>Source Files</Filter>
    </ClCompile>
    <ClCompile Include="src\Components\AnimationData.cpp">
      <Filter>Source Files</Filter>
    </ClCompile>
    <ClCompile Include="src\Components\Mesh.cpp">
      <Filter>Source Files</Filter>
    </ClCompile>
    <ClCompile Include="src\Components\MetaData.cpp">
      <Filter>Source Files</Filter>
    </ClCompile>
    <ClCompile Include="src\Core\Creation.cpp">
      <Filter>Source Files</Filter>
    </ClCompile>
    <ClCompile Include="src\Core\MagicEditor.cpp">
      <Filter>Source Files</Filter>
    </ClCompile>
    <ClCompile Include="src\Components\Collision.cpp">
      <Filter>Source Files</Filter>
    </ClCompile>
  </ItemGroup>
  <ItemGroup>
    <ClInclude Include="resource.h">
      <Filter>Header Files</Filter>
    </ClInclude>
    <ClInclude Include="src\Core\RefsManager.h">
      <Filter>Header Files</Filter>
    </ClInclude>
    <ClInclude Include="src\Core\Gamecore.h">
      <Filter>Header Files</Filter>
    </ClInclude>
    <ClInclude Include="src\Core\Interface.h">
      <Filter>Header Files</Filter>
    </ClInclude>
    <ClInclude Include="src\Gui\WorldItem.h">
      <Filter>Header Files</Filter>
    </ClInclude>
    <ClInclude Include="src\Gui\Text.h">
      <Filter>Header Files</Filter>
    </ClInclude>
    <ClInclude Include="src\Gui\IElem.h">
      <Filter>Header Files</Filter>
    </ClInclude>
    <ClInclude Include="src\Gui\Font.h">
      <Filter>Header Files</Filter>
    </ClInclude>
    <ClInclude Include="src\Objects\ClientPlayer.h">
      <Filter>Header Files</Filter>
    </ClInclude>
    <ClInclude Include="src\Objects\Cube.h">
      <Filter>Header Files</Filter>
    </ClInclude>
    <ClInclude Include="src\Objects\GameObject.h">
      <Filter>Header Files</Filter>
    </ClInclude>
    <ClInclude Include="src\Objects\MagicStaff.h">
      <Filter>Header Files</Filter>
    </ClInclude>
    <ClInclude Include="src\Objects\NetPlayer.h">
      <Filter>Header Files</Filter>
    </ClInclude>
    <ClInclude Include="src\Rendering\BufferContainer.h">
      <Filter>Header Files</Filter>
    </ClInclude>
    <ClInclude Include="src\Rendering\Camera.h">
      <Filter>Header Files</Filter>
    </ClInclude>
    <ClInclude Include="src\Rendering\Light.h">
      <Filter>Header Files</Filter>
    </ClInclude>
    <ClInclude Include="src\Rendering\Renderer.h">
      <Filter>Header Files</Filter>
    </ClInclude>
    <ClInclude Include="src\Rendering\Shader.h">
      <Filter>Header Files</Filter>
    </ClInclude>
    <ClInclude Include="src\Rendering\Texture.h">
      <Filter>Header Files</Filter>
    </ClInclude>
    <ClInclude Include="src\Utility\Debugger.h">
      <Filter>Header Files</Filter>
    </ClInclude>
    <ClInclude Include="src\Utility\ExtraFunc.h">
      <Filter>Header Files</Filter>
    </ClInclude>
    <ClInclude Include="src\Utility\FileHandler.h">
      <Filter>Header Files</Filter>
    </ClInclude>
    <ClInclude Include="src\Utility\GameOptions.h">
      <Filter>Header Files</Filter>
    </ClInclude>
    <ClInclude Include="src\Utility\Keyboard.h">
      <Filter>Header Files</Filter>
    </ClInclude>
    <ClInclude Include="src\Utility\Languages.h">
      <Filter>Header Files</Filter>
    </ClInclude>
    <ClInclude Include="src\World\Biome.h">
      <Filter>Header Files</Filter>
    </ClInclude>
    <ClInclude Include="src\World\Dimension.h">
      <Filter>Header Files</Filter>
    </ClInclude>
    <ClInclude Include="src\Components\Animation.h">
      <Filter>Header Files</Filter>
    </ClInclude>
    <ClInclude Include="src\Components\AnimationData.h">
      <Filter>Header Files</Filter>
    </ClInclude>
    <ClInclude Include="src\Components\Mesh.h">
      <Filter>Header Files</Filter>
    </ClInclude>
    <ClInclude Include="src\Components\MetaData.h">
      <Filter>Header Files</Filter>
    </ClInclude>
    <ClInclude Include="src\Gui\IDimensions.h">
      <Filter>Header Files</Filter>
    </ClInclude>
    <ClInclude Include="src\Core\MagicEditor.h">
      <Filter>Header Files</Filter>
    </ClInclude>
    <ClInclude Include="src\Components\Collision.h">
      <Filter>Header Files</Filter>
    </ClInclude>
    <ClInclude Include="src\Data\MeshData.h">
      <Filter>Header Files</Filter>
    </ClInclude>
    <ClInclude Include="src\Data\AnimData.h">
      <Filter>Header Files</Filter>
    </ClInclude>
    <ClInclude Include="src\Data\CollData.h">
      <Filter>Header Files</Filter>
    </ClInclude>
  </ItemGroup>
  <ItemGroup>
    <ResourceCompile Include="Reigai_Dimension.rc">
      <Filter>Resource Files</Filter>
    </ResourceCompile>
  </ItemGroup>
  <ItemGroup>
    <Image Include="icon.png">
      <Filter>Resource Files</Filter>
    </Image>
    <Image Include="favicon.ico">
      <Filter>Resource Files</Filter>
    </Image>
  </ItemGroup>
</Project>