<?xml version="1.0" encoding="utf-8"?>
<Project ToolsVersion="4.0" xmlns="http://schemas.microsoft.com/developer/msbuild/2003">
  <ItemGroup>
    <Filter Include="include">
      <UniqueIdentifier>{89AF369E-F58E-B539-FEA6-40106A051C9B}</UniqueIdentifier>
    </Filter>
    <Filter Include="include\Engone">
      <UniqueIdentifier>{74BF1C00-608D-1006-4921-812C358EEC6A}</UniqueIdentifier>
    </Filter>
    <Filter Include="include\Engone\Assets">
      <UniqueIdentifier>{D69B3636-4208-F230-0BFC-898E77271499}</UniqueIdentifier>
    </Filter>
    <Filter Include="include\Engone\Core">
      <UniqueIdentifier>{4CACFB0C-B80D-D91A-417B-1FCDADDB0FDA}</UniqueIdentifier>
    </Filter>
    <Filter Include="include\Engone\LogModule">
      <UniqueIdentifier>{4B3F24E4-3764-7364-60AF-58F44C337282}</UniqueIdentifier>
    </Filter>
    <Filter Include="include\Engone\Networking">
      <UniqueIdentifier>{0B784285-773A-760F-C0EA-049C2CEC4EED}</UniqueIdentifier>
    </Filter>
    <Filter Include="include\Engone\PlatformModule">
      <UniqueIdentifier>{8EE2291E-FAFA-1048-C3A7-A0E12F7FA5E1}</UniqueIdentifier>
    </Filter>
    <Filter Include="include\Engone\Profiling">
      <UniqueIdentifier>{EDFC951C-D921-E59C-026D-CA2CEEF0E3BA}</UniqueIdentifier>
    </Filter>
    <Filter Include="include\Engone\Rendering">
      <UniqueIdentifier>{C1694DB4-AD8E-9C34-D6D9-81C4C25D9B52}</UniqueIdentifier>
    </Filter>
    <Filter Include="include\Engone\Sound">
      <UniqueIdentifier>{2CCC92AD-185B-1C77-C179-3072ADE72C1D}</UniqueIdentifier>
    </Filter>
    <Filter Include="include\Engone\Tests">
      <UniqueIdentifier>{36619FAD-22F0-2877-CB0E-3D72B77C391D}</UniqueIdentifier>
    </Filter>
    <Filter Include="include\Engone\Utilities">
      <UniqueIdentifier>{DFC4AD7B-CBE9-FCFB-F434-E28BE0B8FB19}</UniqueIdentifier>
    </Filter>
    <Filter Include="include\Engone\World">
      <UniqueIdentifier>{2B21DBAD-17B0-6477-C0CE-7872AC3C751D}</UniqueIdentifier>
    </Filter>
    <Filter Include="include\Engone\vendor">
      <UniqueIdentifier>{51EBD7B0-BD57-93AB-864B-2B09F276B513}</UniqueIdentifier>
    </Filter>
    <Filter Include="include\Engone\vendor\glm">
      <UniqueIdentifier>{20B6AAE6-8C78-DE70-D528-6DFD412AB74E}</UniqueIdentifier>
    </Filter>
    <Filter Include="include\Engone\vendor\glm\out">
      <UniqueIdentifier>{A773740B-138C-5B35-DC38-EBCE4810F0CE}</UniqueIdentifier>
    </Filter>
    <Filter Include="include\Engone\vendor\glm\out\build">
      <UniqueIdentifier>{2621CEE7-92DA-3892-1B3A-536C87F2EE01}</UniqueIdentifier>
    </Filter>
    <Filter Include="include\Engone\vendor\glm\out\build\x64-Debug">
      <UniqueIdentifier>{0BDE6A7F-774E-6DF8-406D-E780AC9CA5F9}</UniqueIdentifier>
    </Filter>
    <Filter Include="include\Engone\vendor\glm\out\build\x64-Debug\CMakeFiles">
      <UniqueIdentifier>{6E962025-5A6B-68D8-831A-A8D46F4E76EF}</UniqueIdentifier>
    </Filter>
    <Filter Include="include\Engone\vendor\glm\out\build\x64-Debug\CMakeFiles\ShowIncludes">
      <UniqueIdentifier>{75F00C77-E164-A2D4-AAAE-EFE316E22D08}</UniqueIdentifier>
    </Filter>
    <Filter Include="include\Engone\vendor\glm\simd">
      <UniqueIdentifier>{7CE6047A-680C-CFE0-5152-54AC3D17F4AC}</UniqueIdentifier>
    </Filter>
    <Filter Include="include\Engone\vendor\stb_image">
      <UniqueIdentifier>{2BB509B3-9798-18F3-A09B-462F0CFEDE43}</UniqueIdentifier>
    </Filter>
    <Filter Include="src">
      <UniqueIdentifier>{2DAB880B-99B4-887C-2230-9F7C8E38947C}</UniqueIdentifier>
    </Filter>
    <Filter Include="src\Engone">
      <UniqueIdentifier>{98BA320E-8472-745B-ED79-4DB7D9500F4C}</UniqueIdentifier>
    </Filter>
    <Filter Include="src\Engone\Assets">
      <UniqueIdentifier>{7A26A6BF-E63C-A455-2FB4-2F779B0975DD}</UniqueIdentifier>
    </Filter>
    <Filter Include="src\Engone\Core">
      <UniqueIdentifier>{F03D0003-5CC9-6DC7-65DA-F0BBD1E4C9C7}</UniqueIdentifier>
    </Filter>
    <Filter Include="src\Engone\Events">
      <UniqueIdentifier>{7C8B29C9-E8A1-275F-3119-B3809D6EF8E6}</UniqueIdentifier>
    </Filter>
    <Filter Include="src\Engone\LogModule">
      <UniqueIdentifier>{6F7739F7-5B06-C3C0-0425-D7BBF092D366}</UniqueIdentifier>
    </Filter>
    <Filter Include="src\Engone\Networking">
      <UniqueIdentifier>{AFB4FEFA-1B21-BAF5-E414-52535040DC5D}</UniqueIdentifier>
    </Filter>
    <Filter Include="src\Engone\PlatformModule">
      <UniqueIdentifier>{32D13B5B-9E93-6FE5-E743-FE71534548C3}</UniqueIdentifier>
    </Filter>
    <Filter Include="src\Engone\Profiling">
      <UniqueIdentifier>{1135AB2F-FDC3-34F9-A6E2-48F49250459F}</UniqueIdentifier>
    </Filter>
    <Filter Include="src\Engone\Rendering">
      <UniqueIdentifier>{E5A162C7-D130-EC90-7A4F-008C66BDFC36}</UniqueIdentifier>
    </Filter>
    <Filter Include="src\Engone\Sound">
      <UniqueIdentifier>{50922964-3C8B-48B6-65BD-2D3B511528C2}</UniqueIdentifier>
    </Filter>
    <Filter Include="src\Engone\Tests">
      <UniqueIdentifier>{5A273664-4620-55B6-6F52-3A3B5BAA34C2}</UniqueIdentifier>
    </Filter>
    <Filter Include="src\Engone\Utilities">
      <UniqueIdentifier>{03FDC28E-EF8B-4C58-98AA-605384185DFE}</UniqueIdentifier>
    </Filter>
    <Filter Include="src\Engone\vendor">
      <UniqueIdentifier>{F575473A-618C-45D0-AA03-D1F116591658}</UniqueIdentifier>
    </Filter>
    <Filter Include="src\Engone\vendor\stb_image">
      <UniqueIdentifier>{CFDC517C-3BEA-7F62-C4D0-7B4D30DD4B19}</UniqueIdentifier>
    </Filter>
  </ItemGroup>
  <ItemGroup>
    <ClInclude Include="include\Engone\Application.h">
      <Filter>include\Engone</Filter>
    </ClInclude>
    <ClInclude Include="include\Engone\AssetModule.h">
      <Filter>include\Engone</Filter>
    </ClInclude>
    <ClInclude Include="include\Engone\Assets\AnimationAsset.h">
      <Filter>include\Engone\Assets</Filter>
    </ClInclude>
    <ClInclude Include="include\Engone\Assets\Animator.h">
      <Filter>include\Engone\Assets</Filter>
    </ClInclude>
    <ClInclude Include="include\Engone\Assets\ArmatureAsset.h">
      <Filter>include\Engone\Assets</Filter>
    </ClInclude>
    <ClInclude Include="include\Engone\Assets\Asset.h">
      <Filter>include\Engone\Assets</Filter>
    </ClInclude>
    <ClInclude Include="include\Engone\Assets\ColliderAsset.h">
      <Filter>include\Engone\Assets</Filter>
    </ClInclude>
    <ClInclude Include="include\Engone\Assets\FontAsset.h">
      <Filter>include\Engone\Assets</Filter>
    </ClInclude>
    <ClInclude Include="include\Engone\Assets\MaterialAsset.h">
      <Filter>include\Engone\Assets</Filter>
    </ClInclude>
    <ClInclude Include="include\Engone\Assets\MeshAsset.h">
      <Filter>include\Engone\Assets</Filter>
    </ClInclude>
    <ClInclude Include="include\Engone\Assets\ModelAsset.h">
      <Filter>include\Engone\Assets</Filter>
    </ClInclude>
    <ClInclude Include="include\Engone\Assets\ShaderAsset.h">
      <Filter>include\Engone\Assets</Filter>
    </ClInclude>
    <ClInclude Include="include\Engone\Assets\TextureAsset.h">
      <Filter>include\Engone\Assets</Filter>
    </ClInclude>
    <ClInclude Include="include\Engone\Core\ExecutionControl.h">
      <Filter>include\Engone\Core</Filter>
    </ClInclude>
    <ClInclude Include="include\Engone\Core\TaskHandler.h">
      <Filter>include\Engone\Core</Filter>
    </ClInclude>
    <ClInclude Include="include\Engone\EngineObject.h">
      <Filter>include\Engone</Filter>
    </ClInclude>
    <ClInclude Include="include\Engone\Engone.h">
      <Filter>include\Engone</Filter>
    </ClInclude>
    <ClInclude Include="include\Engone\Error.h">
      <Filter>include\Engone</Filter>
    </ClInclude>
    <ClInclude Include="include\Engone\EventModule.h">
      <Filter>include\Engone</Filter>
    </ClInclude>
    <ClInclude Include="include\Engone\LogModule\LogTypes.h">
      <Filter>include\Engone\LogModule</Filter>
    </ClInclude>
    <ClInclude Include="include\Engone\LogModule\Logger.h">
      <Filter>include\Engone\LogModule</Filter>
    </ClInclude>
    <ClInclude Include="include\Engone\Logger.h">
      <Filter>include\Engone</Filter>
    </ClInclude>
    <ClInclude Include="include\Engone\LoopInfo.h">
      <Filter>include\Engone</Filter>
    </ClInclude>
    <ClInclude Include="include\Engone\ModuleDefs.h">
      <Filter>include\Engone</Filter>
    </ClInclude>
    <ClInclude Include="include\Engone\Networking\Client.h">
      <Filter>include\Engone\Networking</Filter>
    </ClInclude>
    <ClInclude Include="include\Engone\Networking\MessageBuffer.h">
      <Filter>include\Engone\Networking</Filter>
    </ClInclude>
    <ClInclude Include="include\Engone\Networking\NetEvent.h">
      <Filter>include\Engone\Networking</Filter>
    </ClInclude>
    <ClInclude Include="include\Engone\Networking\NetworkModule.h">
      <Filter>include\Engone\Networking</Filter>
    </ClInclude>
    <ClInclude Include="include\Engone\Networking\Sender.h">
      <Filter>include\Engone\Networking</Filter>
    </ClInclude>
    <ClInclude Include="include\Engone\Networking\Server.h">
      <Filter>include\Engone\Networking</Filter>
    </ClInclude>
    <ClInclude Include="include\Engone\ParticleModule.h">
      <Filter>include\Engone</Filter>
    </ClInclude>
    <ClInclude Include="include\Engone\PlatformModule\PlatformLayer.h">
      <Filter>include\Engone\PlatformModule</Filter>
    </ClInclude>
    <ClInclude Include="include\Engone\Profiling\Profiler.h">
      <Filter>include\Engone\Profiling</Filter>
    </ClInclude>
    <ClInclude Include="include\Engone\Profiling\ScopeTimer.h">
      <Filter>include\Engone\Profiling</Filter>
    </ClInclude>
    <ClInclude Include="include\Engone\RenderModule.h">
      <Filter>include\Engone</Filter>
    </ClInclude>
    <ClInclude Include="include\Engone\Rendering\Buffer.h">
      <Filter>include\Engone\Rendering</Filter>
    </ClInclude>
    <ClInclude Include="include\Engone\Rendering\Camera.h">
      <Filter>include\Engone\Rendering</Filter>
    </ClInclude>
    <ClInclude Include="include\Engone\Rendering\CommonRenderer.h">
      <Filter>include\Engone\Rendering</Filter>
    </ClInclude>
    <ClInclude Include="include\Engone\Rendering\FrameBuffer.h">
      <Filter>include\Engone\Rendering</Filter>
    </ClInclude>
    <ClInclude Include="include\Engone\Rendering\Light.h">
      <Filter>include\Engone\Rendering</Filter>
    </ClInclude>
    <ClInclude Include="include\Engone\Rendering\RenderPipeline.h">
      <Filter>include\Engone\Rendering</Filter>
    </ClInclude>
    <ClInclude Include="include\Engone\Rendering\UIRenderer.h">
      <Filter>include\Engone\Rendering</Filter>
    </ClInclude>
    <ClInclude Include="include\Engone\Sound\SoundBuffer.h">
      <Filter>include\Engone\Sound</Filter>
    </ClInclude>
    <ClInclude Include="include\Engone\Sound\SoundSource.h">
      <Filter>include\Engone\Sound</Filter>
    </ClInclude>
    <ClInclude Include="include\Engone\Sound\SoundStream.h">
      <Filter>include\Engone\Sound</Filter>
    </ClInclude>
    <ClInclude Include="include\Engone\SoundModule.h">
      <Filter>include\Engone</Filter>
    </ClInclude>
    <ClInclude Include="include\Engone\Tests\BasicRendering.h">
      <Filter>include\Engone\Tests</Filter>
    </ClInclude>
    <ClInclude Include="include\Engone\Utilities\Alloc.h">
      <Filter>include\Engone\Utilities</Filter>
    </ClInclude>
    <ClInclude Include="include\Engone\Utilities\Array.h">
      <Filter>include\Engone\Utilities</Filter>
    </ClInclude>
    <ClInclude Include="include\Engone\Utilities\EngoneInfo.h">
      <Filter>include\Engone\Utilities</Filter>
    </ClInclude>
    <ClInclude Include="include\Engone\Utilities\FileUtility.h">
      <Filter>include\Engone\Utilities</Filter>
    </ClInclude>
    <ClInclude Include="include\Engone\Utilities\FrameArray.h">
      <Filter>include\Engone\Utilities</Filter>
    </ClInclude>
    <ClInclude Include="include\Engone\Utilities\GenEnum.h">
      <Filter>include\Engone\Utilities</Filter>
    </ClInclude>
    <ClInclude Include="include\Engone\Utilities\HashMap.h">
      <Filter>include\Engone\Utilities</Filter>
    </ClInclude>
    <ClInclude Include="include\Engone\Utilities\ImageUtility.h">
      <Filter>include\Engone\Utilities</Filter>
    </ClInclude>
    <ClInclude Include="include\Engone\Utilities\LinkedArray.h">
      <Filter>include\Engone\Utilities</Filter>
    </ClInclude>
    <ClInclude Include="include\Engone\Utilities\LogLevels.h">
      <Filter>include\Engone\Utilities</Filter>
    </ClInclude>
    <ClInclude Include="include\Engone\Utilities\MemAllocator.h">
      <Filter>include\Engone\Utilities</Filter>
    </ClInclude>
    <ClInclude Include="include\Engone\Utilities\RandomUtility.h">
      <Filter>include\Engone\Utilities</Filter>
    </ClInclude>
    <ClInclude Include="include\Engone\Utilities\RuntimeStats.h">
      <Filter>include\Engone\Utilities</Filter>
    </ClInclude>
    <ClInclude Include="include\Engone\Utilities\StableArray.h">
      <Filter>include\Engone\Utilities</Filter>
    </ClInclude>
    <ClInclude Include="include\Engone\Utilities\Stack.h">
      <Filter>include\Engone\Utilities</Filter>
    </ClInclude>
    <ClInclude Include="include\Engone\Utilities\TimeUtility.h">
      <Filter>include\Engone\Utilities</Filter>
    </ClInclude>
    <ClInclude Include="include\Engone\Utilities\Tracker.h">
      <Filter>include\Engone\Utilities</Filter>
    </ClInclude>
    <ClInclude Include="include\Engone\Utilities\Typedefs.h">
      <Filter>include\Engone\Utilities</Filter>
    </ClInclude>
    <ClInclude Include="include\Engone\Utilities\Utilities.h">
      <Filter>include\Engone\Utilities</Filter>
    </ClInclude>
    <ClInclude Include="include\Engone\Utilities\rp3d.h">
      <Filter>include\Engone\Utilities</Filter>
    </ClInclude>
    <ClInclude Include="include\Engone\Win32Includes.h">
      <Filter>include\Engone</Filter>
    </ClInclude>
    <ClInclude Include="include\Engone\Window.h">
      <Filter>include\Engone</Filter>
    </ClInclude>
    <ClInclude Include="include\Engone\World\EngineWorld.h">
      <Filter>include\Engone\World</Filter>
    </ClInclude>
    <ClInclude Include="include\Engone\pch.h">
      <Filter>include\Engone</Filter>
    </ClInclude>
    <ClInclude Include="include\Engone\vendor\Libaudio.h">
      <Filter>include\Engone\vendor</Filter>
    </ClInclude>
    <ClInclude Include="include\Engone\vendor\glm\out\build\x64-Debug\CMakeFiles\ShowIncludes\foo.h">
      <Filter>include\Engone\vendor\glm\out\build\x64-Debug\CMakeFiles\ShowIncludes</Filter>
    </ClInclude>
    <ClInclude Include="include\Engone\vendor\glm\simd\common.h">
      <Filter>include\Engone\vendor\glm\simd</Filter>
    </ClInclude>
    <ClInclude Include="include\Engone\vendor\glm\simd\exponential.h">
      <Filter>include\Engone\vendor\glm\simd</Filter>
    </ClInclude>
    <ClInclude Include="include\Engone\vendor\glm\simd\geometric.h">
      <Filter>include\Engone\vendor\glm\simd</Filter>
    </ClInclude>
    <ClInclude Include="include\Engone\vendor\glm\simd\integer.h">
      <Filter>include\Engone\vendor\glm\simd</Filter>
    </ClInclude>
    <ClInclude Include="include\Engone\vendor\glm\simd\matrix.h">
      <Filter>include\Engone\vendor\glm\simd</Filter>
    </ClInclude>
    <ClInclude Include="include\Engone\vendor\glm\simd\neon.h">
      <Filter>include\Engone\vendor\glm\simd</Filter>
    </ClInclude>
    <ClInclude Include="include\Engone\vendor\glm\simd\packing.h">
      <Filter>include\Engone\vendor\glm\simd</Filter>
    </ClInclude>
    <ClInclude Include="include\Engone\vendor\glm\simd\platform.h">
      <Filter>include\Engone\vendor\glm\simd</Filter>
    </ClInclude>
    <ClInclude Include="include\Engone\vendor\glm\simd\trigonometric.h">
      <Filter>include\Engone\vendor\glm\simd</Filter>
    </ClInclude>
    <ClInclude Include="include\Engone\vendor\glm\simd\vector_relational.h">
      <Filter>include\Engone\vendor\glm\simd</Filter>
    </ClInclude>
    <ClInclude Include="include\Engone\vendor\stb_image\stb_image.h">
      <Filter>include\Engone\vendor\stb_image</Filter>
    </ClInclude>
    <ClInclude Include="include\Engone\vendor\stb_image\stb_image_write.h">
      <Filter>include\Engone\vendor\stb_image</Filter>
    </ClInclude>
  </ItemGroup>
  <ItemGroup>
    <ClCompile Include="src\Engone\Assets\Animator.cpp">
      <Filter>src\Engone\Assets</Filter>
    </ClCompile>
    <ClCompile Include="src\Engone\Assets\Asset.cpp">
      <Filter>src\Engone\Assets</Filter>
    </ClCompile>
    <ClCompile Include="src\Engone\Assets\AssetModule.cpp">
      <Filter>src\Engone\Assets</Filter>
    </ClCompile>
    <ClCompile Include="src\Engone\Core\Application.cpp">
      <Filter>src\Engone\Core</Filter>
    </ClCompile>
    <ClCompile Include="src\Engone\Core\EngineObject.cpp">
      <Filter>src\Engone\Core</Filter>
    </ClCompile>
    <ClCompile Include="src\Engone\Core\EngineWorld.cpp">
      <Filter>src\Engone\Core</Filter>
    </ClCompile>
    <ClCompile Include="src\Engone\Core\Engone.cpp">
      <Filter>src\Engone\Core</Filter>
    </ClCompile>
    <ClCompile Include="src\Engone\Core\ExecutionControl.cpp">
      <Filter>src\Engone\Core</Filter>
    </ClCompile>
    <ClCompile Include="src\Engone\Core\Window.cpp">
      <Filter>src\Engone\Core</Filter>
    </ClCompile>
    <ClCompile Include="src\Engone\Events\EventModule.cpp">
      <Filter>src\Engone\Events</Filter>
    </ClCompile>
    <ClCompile Include="src\Engone\IMPLS.cpp">
      <Filter>src\Engone</Filter>
    </ClCompile>
    <ClCompile Include="src\Engone\LogModule\Logger.cpp">
      <Filter>src\Engone\LogModule</Filter>
    </ClCompile>
    <ClCompile Include="src\Engone\Networking\NetworkModule.cpp">
      <Filter>src\Engone\Networking</Filter>
    </ClCompile>
    <ClCompile Include="src\Engone\ParticleModule.cpp">
      <Filter>src\Engone</Filter>
    </ClCompile>
    <ClCompile Include="src\Engone\PlatformModule\Linux.cpp">
      <Filter>src\Engone\PlatformModule</Filter>
    </ClCompile>
    <ClCompile Include="src\Engone\PlatformModule\Win32.cpp">
      <Filter>src\Engone\PlatformModule</Filter>
    </ClCompile>
    <ClCompile Include="src\Engone\Profiling\Profiler.cpp">
      <Filter>src\Engone\Profiling</Filter>
    </ClCompile>
    <ClCompile Include="src\Engone\Rendering\Buffer.cpp">
      <Filter>src\Engone\Rendering</Filter>
    </ClCompile>
    <ClCompile Include="src\Engone\Rendering\CommonRenderer.cpp">
      <Filter>src\Engone\Rendering</Filter>
    </ClCompile>
    <ClCompile Include="src\Engone\Rendering\FrameBuffer.cpp">
      <Filter>src\Engone\Rendering</Filter>
    </ClCompile>
    <ClCompile Include="src\Engone\Rendering\Light.cpp">
      <Filter>src\Engone\Rendering</Filter>
    </ClCompile>
    <ClCompile Include="src\Engone\Rendering\RenderModule.cpp">
      <Filter>src\Engone\Rendering</Filter>
    </ClCompile>
    <ClCompile Include="src\Engone\Rendering\RenderPipeline.cpp">
      <Filter>src\Engone\Rendering</Filter>
    </ClCompile>
    <ClCompile Include="src\Engone\Rendering\UIRenderer.cpp">
      <Filter>src\Engone\Rendering</Filter>
    </ClCompile>
    <ClCompile Include="src\Engone\Sound\SoundBuffer.cpp">
      <Filter>src\Engone\Sound</Filter>
    </ClCompile>
    <ClCompile Include="src\Engone\Sound\SoundModule.cpp">
      <Filter>src\Engone\Sound</Filter>
    </ClCompile>
    <ClCompile Include="src\Engone\Sound\SoundSource.cpp">
      <Filter>src\Engone\Sound</Filter>
    </ClCompile>
    <ClCompile Include="src\Engone\Sound\SoundStream.cpp">
      <Filter>src\Engone\Sound</Filter>
    </ClCompile>
    <ClCompile Include="src\Engone\Tests\BasicRendering.cpp">
      <Filter>src\Engone\Tests</Filter>
    </ClCompile>
    <ClCompile Include="src\Engone\Utilities\Alloc.cpp">
      <Filter>src\Engone\Utilities</Filter>
    </ClCompile>
    <ClCompile Include="src\Engone\Utilities\FileUtility.cpp">
      <Filter>src\Engone\Utilities</Filter>
    </ClCompile>
    <ClCompile Include="src\Engone\Utilities\FrameArray.cpp">
      <Filter>src\Engone\Utilities</Filter>
    </ClCompile>
    <ClCompile Include="src\Engone\Utilities\HashMap.cpp">
      <Filter>src\Engone\Utilities</Filter>
    </ClCompile>
    <ClCompile Include="src\Engone\Utilities\ImageUtility.cpp">
      <Filter>src\Engone\Utilities</Filter>
    </ClCompile>
    <ClCompile Include="src\Engone\Utilities\LogLevels.cpp">
      <Filter>src\Engone\Utilities</Filter>
    </ClCompile>
    <ClCompile Include="src\Engone\Utilities\StableArray.cpp">
      <Filter>src\Engone\Utilities</Filter>
    </ClCompile>
    <ClCompile Include="src\Engone\Utilities\Stack.cpp">
      <Filter>src\Engone\Utilities</Filter>
    </ClCompile>
    <ClCompile Include="src\Engone\Utilities\Tracker.cpp">
      <Filter>src\Engone\Utilities</Filter>
    </ClCompile>
    <ClCompile Include="src\Engone\Utilities\Utilities.cpp">
      <Filter>src\Engone\Utilities</Filter>
    </ClCompile>
    <ClCompile Include="src\Engone\Utilities\rp3d.cpp">
      <Filter>src\Engone\Utilities</Filter>
    </ClCompile>
    <ClCompile Include="src\Engone\pch.cpp">
      <Filter>src\Engone</Filter>
    </ClCompile>
    <ClCompile Include="src\Engone\vendor\Libaudio.cpp">
      <Filter>src\Engone\vendor</Filter>
    </ClCompile>
    <ClCompile Include="src\Engone\vendor\stb_image\stb_image.cpp">
      <Filter>src\Engone\vendor\stb_image</Filter>
    </ClCompile>
  </ItemGroup>
</Project>