<?xml version="1.0" encoding="utf-8"?>
<Project ToolsVersion="4.0" xmlns="http://schemas.microsoft.com/developer/msbuild/2003">
  <ItemGroup>
    <Filter Include="Source Files">
      <UniqueIdentifier>{4FC737F1-C7A5-4376-A066-2A32D752A2FF}</UniqueIdentifier>
      <Extensions>cpp;c;cc;cxx;c++;cppm;ixx;def;odl;idl;hpj;bat;asm;asmx</Extensions>
    </Filter>
    <Filter Include="Header Files">
      <UniqueIdentifier>{93995380-89BD-4b04-88EB-625FBE52EBFB}</UniqueIdentifier>
      <Extensions>h;hh;hpp;hxx;h++;hm;inl;inc;ipp;xsd</Extensions>
    </Filter>
    <Filter Include="Resource Files">
      <UniqueIdentifier>{67DA6AB6-F800-4c08-8B7A-83BB121AAD01}</UniqueIdentifier>
      <Extensions>rc;ico;cur;bmp;dlg;rc2;rct;bin;rgs;gif;jpg;jpeg;jpe;resx;tiff;tif;png;wav;mfcribbon-ms</Extensions>
    </Filter>
  </ItemGroup>
  <ItemGroup>
    <ClInclude Include="include\Engone\Rendering\Camera.h">
      <Filter>Header Files</Filter>
    </ClInclude>
    <ClInclude Include="include\Engone\Rendering\Light.h">
      <Filter>Header Files</Filter>
    </ClInclude>
    <ClInclude Include="include\Engone\RenderModule.h">
      <Filter>Header Files</Filter>
    </ClInclude>
    <ClInclude Include="include\Engone\Engone.h">
      <Filter>Header Files</Filter>
    </ClInclude>
    <ClInclude Include="include\Engone\Utilities\Utilities.h">
      <Filter>Header Files</Filter>
    </ClInclude>
    <ClInclude Include="include\Engone\Sound\SoundBuffer.h">
      <Filter>Header Files</Filter>
    </ClInclude>
    <ClInclude Include="include\Engone\Sound\SoundSource.h">
      <Filter>Header Files</Filter>
    </ClInclude>
    <ClInclude Include="include\Engone\Sound\SoundStream.h">
      <Filter>Header Files</Filter>
    </ClInclude>
    <ClInclude Include="include\Engone\SoundModule.h">
      <Filter>Header Files</Filter>
    </ClInclude>
    <ClInclude Include="include\Engone\Rendering\Buffer.h">
      <Filter>Header Files</Filter>
    </ClInclude>
    <ClInclude Include="include\Engone\EventModule.h">
      <Filter>Header Files</Filter>
    </ClInclude>
    <ClInclude Include="include\Engone\NetworkModule.h">
      <Filter>Header Files</Filter>
    </ClInclude>
    <ClInclude Include="include\Engone\Window.h">
      <Filter>Header Files</Filter>
    </ClInclude>
    <ClInclude Include="include\Engone\Application.h">
      <Filter>Header Files</Filter>
    </ClInclude>
    <ClInclude Include="include\Engone\Networking\Server.h">
      <Filter>Header Files</Filter>
    </ClInclude>
    <ClInclude Include="include\Engone\Networking\Sender.h">
      <Filter>Header Files</Filter>
    </ClInclude>
    <ClInclude Include="include\Engone\Networking\MessageBuffer.h">
      <Filter>Header Files</Filter>
    </ClInclude>
    <ClInclude Include="include\Engone\Networking\NetEvent.h">
      <Filter>Header Files</Filter>
    </ClInclude>
    <ClInclude Include="include\Engone\Networking\Client.h">
      <Filter>Header Files</Filter>
    </ClInclude>
    <ClInclude Include="include\Engone\EngineObject.h">
      <Filter>Header Files</Filter>
    </ClInclude>
    <ClInclude Include="include\Engone\Utilities\MemAllocator.h">
      <Filter>Header Files</Filter>
    </ClInclude>
    <ClInclude Include="include\Engone\Tests\BasicRendering.h">
      <Filter>Header Files</Filter>
    </ClInclude>
    <ClInclude Include="include\Engone\vendor\Libaudio.h">
      <Filter>Header Files</Filter>
    </ClInclude>
    <ClInclude Include="include\Engone\vendor\stb_image\stb_image.h">
      <Filter>Header Files</Filter>
    </ClInclude>
    <ClInclude Include="include\Engone\Utilities\rp3d.h">
      <Filter>Header Files</Filter>
    </ClInclude>
    <ClInclude Include="include\Engone\Utilities\RuntimeStats.h">
      <Filter>Header Files</Filter>
    </ClInclude>
    <ClInclude Include="include\Engone\Utilities\Tracker.h">
      <Filter>Header Files</Filter>
    </ClInclude>
    <ClInclude Include="include\Engone\ParticleModule.h">
      <Filter>Header Files</Filter>
    </ClInclude>
    <ClInclude Include="include\Engone\Logger.h">
      <Filter>Header Files</Filter>
    </ClInclude>
    <ClInclude Include="include\Engone\Utilities\FileUtility.h">
      <Filter>Header Files</Filter>
    </ClInclude>
    <ClInclude Include="include\Engone\Utilities\TimeUtility.h">
      <Filter>Header Files</Filter>
    </ClInclude>
    <ClInclude Include="include\Engone\Defs\DEFS_BASE.h">
      <Filter>Header Files</Filter>
    </ClInclude>
    <ClInclude Include="include\Engone\Utilities\Alloc.h">
      <Filter>Header Files</Filter>
    </ClInclude>
    <ClInclude Include="include\Engone\Utilities\RandomUtility.h">
      <Filter>Header Files</Filter>
    </ClInclude>
    <ClInclude Include="include\Engone\pch.h">
      <Filter>Header Files</Filter>
    </ClInclude>
    <ClInclude Include="include\Engone\ModuleDefs.h">
      <Filter>Header Files</Filter>
    </ClInclude>
    <ClInclude Include="include\Engone\Utilities\ImageUtility.h">
      <Filter>Header Files</Filter>
    </ClInclude>
    <ClInclude Include="include\Engone\AssetModule.h">
      <Filter>Header Files</Filter>
    </ClInclude>
    <ClInclude Include="include\Engone\Assets\Asset.h">
      <Filter>Header Files</Filter>
    </ClInclude>
    <ClInclude Include="include\Engone\Error.h">
      <Filter>Header Files</Filter>
    </ClInclude>
    <ClInclude Include="include\Engone\Assets\MeshAsset.h">
      <Filter>Header Files</Filter>
    </ClInclude>
    <ClInclude Include="include\Engone\Assets\AnimationAsset.h">
      <Filter>Header Files</Filter>
    </ClInclude>
    <ClInclude Include="include\Engone\Assets\MaterialAsset.h">
      <Filter>Header Files</Filter>
    </ClInclude>
    <ClInclude Include="include\Engone\Assets\ArmatureAsset.h">
      <Filter>Header Files</Filter>
    </ClInclude>
    <ClInclude Include="include\Engone\Assets\ModelAsset.h">
      <Filter>Header Files</Filter>
    </ClInclude>
    <ClInclude Include="include\Engone\Assets\ColliderAsset.h">
      <Filter>Header Files</Filter>
    </ClInclude>
    <ClInclude Include="include\Engone\Assets\TextureAsset.h">
      <Filter>Header Files</Filter>
    </ClInclude>
    <ClInclude Include="include\Engone\Assets\Animator.h">
      <Filter>Header Files</Filter>
    </ClInclude>
    <ClInclude Include="include\Engone\Assets\FontAsset.h">
      <Filter>Header Files</Filter>
    </ClInclude>
    <ClInclude Include="include\Engone\Assets\ShaderAsset.h">
      <Filter>Header Files</Filter>
    </ClInclude>
    <ClInclude Include="include\Engone\Networking\NetworkModule.h">
      <Filter>Header Files</Filter>
    </ClInclude>
    <ClInclude Include="include\Engone\Utilities\LogLevels.h">
      <Filter>Header Files</Filter>
    </ClInclude>
    <ClInclude Include="include\Engone\World\EngineWorld.h">
      <Filter>Header Files</Filter>
    </ClInclude>
    <ClInclude Include="include\Engone\Utilities\EngoneInfo.h">
      <Filter>Header Files</Filter>
    </ClInclude>
    <ClInclude Include="include\Engone\Utilities\HashMap.h">
      <Filter>Header Files</Filter>
    </ClInclude>
    <ClInclude Include="include\Engone\Utilities\StableArray.h">
      <Filter>Header Files</Filter>
    </ClInclude>
    <ClInclude Include="include\Engone\Utilities\Stack.h">
      <Filter>Header Files</Filter>
    </ClInclude>
    <ClInclude Include="include\Engone\Utilities\LinkedArray.h">
      <Filter>Header Files</Filter>
    </ClInclude>
    <ClInclude Include="include\Engone\Rendering\RenderPipeline.h">
      <Filter>Header Files</Filter>
    </ClInclude>
    <ClInclude Include="include\Engone\Rendering\UIRenderer.h">
      <Filter>Header Files</Filter>
    </ClInclude>
    <ClInclude Include="include\Engone\Rendering\CommonRenderer.h">
      <Filter>Header Files</Filter>
    </ClInclude>
    <ClInclude Include="include\Engone\Utilities\FrameArray.h">
      <Filter>Header Files</Filter>
    </ClInclude>
    <ClInclude Include="include\Engone\Utilities\Locks.h">
      <Filter>Header Files</Filter>
    </ClInclude>
    <ClInclude Include="include\Engone\Utilities\Thread.h">
      <Filter>Header Files</Filter>
    </ClInclude>
    <ClInclude Include="include\Engone\Core\ExecutionControl.h">
      <Filter>Header Files</Filter>
    </ClInclude>
    <ClInclude Include="include\Engone\Core\TaskHandler.h">
      <Filter>Header Files</Filter>
    </ClInclude>
    <ClInclude Include="include\Engone\Utilities\Array.h">
      <Filter>Header Files</Filter>
    </ClInclude>
    <ClInclude Include="include\Engone\Profiling\ScopeTimer.h">
      <Filter>Header Files</Filter>
    </ClInclude>
    <ClInclude Include="include\Engone\Utilities\Typedefs.h">
      <Filter>Header Files</Filter>
    </ClInclude>
    <ClInclude Include="include\Engone\Profiling\Profiler.h">
      <Filter>Header Files</Filter>
    </ClInclude>
    <ClInclude Include="include\Engone\LogModule\Logger.h">
      <Filter>Header Files</Filter>
    </ClInclude>
    <ClInclude Include="include\Engone\LogModule\LogTypes.h">
      <Filter>Header Files</Filter>
    </ClInclude>
    <ClInclude Include="include\Engone\FileModule\FileReader.h">
      <Filter>Header Files</Filter>
    </ClInclude>
    <ClInclude Include="include\Engone\PlatformModule\PlatformModule.h">
      <Filter>Header Files</Filter>
    </ClInclude>
    <ClInclude Include="include\Engone\LogModule\LoggingModule.h">
      <Filter>Header Files</Filter>
    </ClInclude>
  </ItemGroup>
  <ItemGroup>
    <ClCompile Include="src\Engone\Rendering\RenderModule.cpp">
      <Filter>Source Files</Filter>
    </ClCompile>
    <ClCompile Include="src\Engone\Core\Engone.cpp">
      <Filter>Source Files</Filter>
    </ClCompile>
    <ClCompile Include="src\Engone\Utilites\Utilities.cpp">
      <Filter>Source Files</Filter>
    </ClCompile>
    <ClCompile Include="src\Engone\Sound\SoundBuffer.cpp">
      <Filter>Source Files</Filter>
    </ClCompile>
    <ClCompile Include="src\Engone\Sound\SoundSource.cpp">
      <Filter>Source Files</Filter>
    </ClCompile>
    <ClCompile Include="src\Engone\Sound\SoundStream.cpp">
      <Filter>Source Files</Filter>
    </ClCompile>
    <ClCompile Include="src\Engone\vendor\Libaudio.cpp">
      <Filter>Source Files</Filter>
    </ClCompile>
    <ClCompile Include="src\Engone\Sound\SoundModule.cpp">
      <Filter>Source Files</Filter>
    </ClCompile>
    <ClCompile Include="src\Engone\Rendering\Buffer.cpp">
      <Filter>Source Files</Filter>
    </ClCompile>
    <ClCompile Include="src\Engone\Events\EventModule.cpp">
      <Filter>Source Files</Filter>
    </ClCompile>
    <ClCompile Include="src\Engone\Networking\NetworkModule.cpp">
      <Filter>Source Files</Filter>
    </ClCompile>
    <ClCompile Include="src\Engone\Core\Window.cpp">
      <Filter>Source Files</Filter>
    </ClCompile>
    <ClCompile Include="src\Engone\Rendering\Light.cpp">
      <Filter>Source Files</Filter>
    </ClCompile>
    <ClCompile Include="src\Engone\Core\Application.cpp">
      <Filter>Source Files</Filter>
    </ClCompile>
    <ClCompile Include="src\Engone\Tests\BasicRendering.cpp">
      <Filter>Source Files</Filter>
    </ClCompile>
    <ClCompile Include="include\Engone\LoopInfo.h">
      <Filter>Source Files</Filter>
    </ClCompile>
    <ClCompile Include="src\Engone\Utilites\rp3d.cpp">
      <Filter>Source Files</Filter>
    </ClCompile>
    <ClCompile Include="src\Engone\Utilites\Tracker.cpp">
      <Filter>Source Files</Filter>
    </ClCompile>
    <ClCompile Include="src\Engone\Core\EngineObject.cpp">
      <Filter>Source Files</Filter>
    </ClCompile>
    <ClCompile Include="src\Engone\ParticleModule.cpp">
      <Filter>Source Files</Filter>
    </ClCompile>
    <ClCompile Include="src\Engone\IMPLS.cpp">
      <Filter>Source Files</Filter>
    </ClCompile>
    <ClCompile Include="src\Engone\Utilites\Alloc.cpp">
      <Filter>Source Files</Filter>
    </ClCompile>
    <ClCompile Include="src\Engone\pch.cpp">
      <Filter>Source Files</Filter>
    </ClCompile>
    <ClCompile Include="src\Engone\Utilites\ImageUtility.cpp">
      <Filter>Source Files</Filter>
    </ClCompile>
    <ClCompile Include="src\Engone\Assets\AssetModule.cpp">
      <Filter>Source Files</Filter>
    </ClCompile>
    <ClCompile Include="src\Engone\Assets\Asset.cpp">
      <Filter>Source Files</Filter>
    </ClCompile>
    <ClCompile Include="src\Engone\Assets\Animator.cpp">
      <Filter>Source Files</Filter>
    </ClCompile>
    <ClCompile Include="src\Engone\Utilites\FileUtility.cpp">
      <Filter>Source Files</Filter>
    </ClCompile>
    <ClCompile Include="src\Engone\Utilites\LogLevels.cpp">
      <Filter>Source Files</Filter>
    </ClCompile>
    <ClCompile Include="src\Engone\Core\EngineWorld.cpp">
      <Filter>Source Files</Filter>
    </ClCompile>
    <ClCompile Include="src\Engone\Utilites\HashMap.cpp">
      <Filter>Source Files</Filter>
    </ClCompile>
    <ClCompile Include="include\Engone\Utilities\StableArray.cpp">
      <Filter>Source Files</Filter>
    </ClCompile>
    <ClCompile Include="include\Engone\Utilities\Stack.cpp">
      <Filter>Source Files</Filter>
    </ClCompile>
    <ClCompile Include="include\Engone\Shaders\text3d.glsl">
      <Filter>Source Files</Filter>
    </ClCompile>
    <ClCompile Include="src\Engone\Rendering\RenderPipeline.cpp">
      <Filter>Source Files</Filter>
    </ClCompile>
    <ClCompile Include="src\Engone\Rendering\UIRenderer.cpp">
      <Filter>Source Files</Filter>
    </ClCompile>
    <ClCompile Include="src\Engone\Rendering\CommonRenderer.cpp">
      <Filter>Source Files</Filter>
    </ClCompile>
    <ClCompile Include="src\Engone\Utilites\FrameArray.cpp">
      <Filter>Source Files</Filter>
    </ClCompile>
    <ClCompile Include="src\Engone\Utilites\Locks.cpp">
      <Filter>Source Files</Filter>
    </ClCompile>
    <ClCompile Include="src\Engone\Utilites\Thread.cpp">
      <Filter>Source Files</Filter>
    </ClCompile>
    <ClCompile Include="src\Engone\Core\ExecutionControl.cpp">
      <Filter>Source Files</Filter>
    </ClCompile>
    <ClCompile Include="src\Engone\Profiling\Profiler.cpp">
      <Filter>Source Files</Filter>
    </ClCompile>
    <ClCompile Include="src\Engone\Logging\Logger.cpp">
      <Filter>Source Files</Filter>
    </ClCompile>
    <ClCompile Include="src\Engone\PlatformModule\Win32.cpp">
      <Filter>Source Files</Filter>
    </ClCompile>
    <ClCompile Include="src\Engone\FileModule\FileReader.cpp">
      <Filter>Source Files</Filter>
    </ClCompile>
    <ClCompile Include="src\Engone\PlatformModule\Linux.cpp">
      <Filter>Source Files</Filter>
    </ClCompile>
  </ItemGroup>
  <ItemGroup>
    <None Include="include\Engone\Shaders\standard2D.glsl" />
  </ItemGroup>
</Project>